// !$*UTF8*$!
{
	archiveVersion = 1;
	classes = {
	};
	objectVersion = 50;
	objects = {

/* Begin PBXBuildFile section */
		3412E949263A3FCD00827DEC /* AppDelegate.swift in Sources */ = {isa = PBXBuildFile; fileRef = 3412E948263A3FCD00827DEC /* AppDelegate.swift */; };
		3412E94B263A3FCD00827DEC /* SceneDelegate.swift in Sources */ = {isa = PBXBuildFile; fileRef = 3412E94A263A3FCD00827DEC /* SceneDelegate.swift */; };
		3412E94D263A3FCD00827DEC /* ViewController.swift in Sources */ = {isa = PBXBuildFile; fileRef = 3412E94C263A3FCD00827DEC /* ViewController.swift */; };
		3412E950263A3FCD00827DEC /* Main.storyboard in Resources */ = {isa = PBXBuildFile; fileRef = 3412E94E263A3FCD00827DEC /* Main.storyboard */; };
		3412E952263A3FD700827DEC /* Assets.xcassets in Resources */ = {isa = PBXBuildFile; fileRef = 3412E951263A3FD700827DEC /* Assets.xcassets */; };
		3412E955263A3FD700827DEC /* LaunchScreen.storyboard in Resources */ = {isa = PBXBuildFile; fileRef = 3412E953263A3FD700827DEC /* LaunchScreen.storyboard */; };
		3412E960263A3FD800827DEC /* DoorstepTests.swift in Sources */ = {isa = PBXBuildFile; fileRef = 3412E95F263A3FD800827DEC /* DoorstepTests.swift */; };
		3412E96B263A3FD800827DEC /* DoorstepUITests.swift in Sources */ = {isa = PBXBuildFile; fileRef = 3412E96A263A3FD800827DEC /* DoorstepUITests.swift */; };
/* End PBXBuildFile section */

/* Begin PBXContainerItemProxy section */
		3412E95C263A3FD800827DEC /* PBXContainerItemProxy */ = {
			isa = PBXContainerItemProxy;
			containerPortal = 3412E93D263A3FCD00827DEC /* Project object */;
			proxyType = 1;
			remoteGlobalIDString = 3412E944263A3FCD00827DEC;
			remoteInfo = Doorstep;
		};
		3412E967263A3FD800827DEC /* PBXContainerItemProxy */ = {
			isa = PBXContainerItemProxy;
			containerPortal = 3412E93D263A3FCD00827DEC /* Project object */;
			proxyType = 1;
			remoteGlobalIDString = 3412E944263A3FCD00827DEC;
			remoteInfo = Doorstep;
		};
/* End PBXContainerItemProxy section */

/* Begin PBXFileReference section */
		3412E945263A3FCD00827DEC /* Doorstep.app */ = {isa = PBXFileReference; explicitFileType = wrapper.application; includeInIndex = 0; path = Doorstep.app; sourceTree = BUILT_PRODUCTS_DIR; };
		3412E948263A3FCD00827DEC /* AppDelegate.swift */ = {isa = PBXFileReference; lastKnownFileType = sourcecode.swift; path = AppDelegate.swift; sourceTree = "<group>"; };
		3412E94A263A3FCD00827DEC /* SceneDelegate.swift */ = {isa = PBXFileReference; lastKnownFileType = sourcecode.swift; path = SceneDelegate.swift; sourceTree = "<group>"; };
		3412E94C263A3FCD00827DEC /* ViewController.swift */ = {isa = PBXFileReference; lastKnownFileType = sourcecode.swift; path = ViewController.swift; sourceTree = "<group>"; };
		3412E94F263A3FCD00827DEC /* Base */ = {isa = PBXFileReference; lastKnownFileType = file.storyboard; name = Base; path = Base.lproj/Main.storyboard; sourceTree = "<group>"; };
		3412E951263A3FD700827DEC /* Assets.xcassets */ = {isa = PBXFileReference; lastKnownFileType = folder.assetcatalog; path = Assets.xcassets; sourceTree = "<group>"; };
		3412E954263A3FD700827DEC /* Base */ = {isa = PBXFileReference; lastKnownFileType = file.storyboard; name = Base; path = Base.lproj/LaunchScreen.storyboard; sourceTree = "<group>"; };
		3412E956263A3FD700827DEC /* Info.plist */ = {isa = PBXFileReference; lastKnownFileType = text.plist.xml; path = Info.plist; sourceTree = "<group>"; };
		3412E95B263A3FD800827DEC /* DoorstepTests.xctest */ = {isa = PBXFileReference; explicitFileType = wrapper.cfbundle; includeInIndex = 0; path = DoorstepTests.xctest; sourceTree = BUILT_PRODUCTS_DIR; };
		3412E95F263A3FD800827DEC /* DoorstepTests.swift */ = {isa = PBXFileReference; lastKnownFileType = sourcecode.swift; path = DoorstepTests.swift; sourceTree = "<group>"; };
		3412E961263A3FD800827DEC /* Info.plist */ = {isa = PBXFileReference; lastKnownFileType = text.plist.xml; path = Info.plist; sourceTree = "<group>"; };
		3412E966263A3FD800827DEC /* DoorstepUITests.xctest */ = {isa = PBXFileReference; explicitFileType = wrapper.cfbundle; includeInIndex = 0; path = DoorstepUITests.xctest; sourceTree = BUILT_PRODUCTS_DIR; };
		3412E96A263A3FD800827DEC /* DoorstepUITests.swift */ = {isa = PBXFileReference; lastKnownFileType = sourcecode.swift; path = DoorstepUITests.swift; sourceTree = "<group>"; };
		3412E96C263A3FD800827DEC /* Info.plist */ = {isa = PBXFileReference; lastKnownFileType = text.plist.xml; path = Info.plist; sourceTree = "<group>"; };
/* End PBXFileReference section */

/* Begin PBXFrameworksBuildPhase section */
		3412E942263A3FCD00827DEC /* Frameworks */ = {
			isa = PBXFrameworksBuildPhase;
			buildActionMask = 2147483647;
			files = (
			);
			runOnlyForDeploymentPostprocessing = 0;
		};
		3412E958263A3FD800827DEC /* Frameworks */ = {
			isa = PBXFrameworksBuildPhase;
			buildActionMask = 2147483647;
			files = (
			);
			runOnlyForDeploymentPostprocessing = 0;
		};
		3412E963263A3FD800827DEC /* Frameworks */ = {
			isa = PBXFrameworksBuildPhase;
			buildActionMask = 2147483647;
			files = (
			);
			runOnlyForDeploymentPostprocessing = 0;
		};
/* End PBXFrameworksBuildPhase section */

/* Begin PBXGroup section */
		3412E93C263A3FCD00827DEC = {
			isa = PBXGroup;
			children = (
				3412E947263A3FCD00827DEC /* Doorstep */,
				3412E95E263A3FD800827DEC /* DoorstepTests */,
				3412E969263A3FD800827DEC /* DoorstepUITests */,
				3412E946263A3FCD00827DEC /* Products */,
			);
			sourceTree = "<group>";
		};
		3412E946263A3FCD00827DEC /* Products */ = {
			isa = PBXGroup;
			children = (
				3412E945263A3FCD00827DEC /* Doorstep.app */,
				3412E95B263A3FD800827DEC /* DoorstepTests.xctest */,
				3412E966263A3FD800827DEC /* DoorstepUITests.xctest */,
			);
			name = Products;
			sourceTree = "<group>";
		};
		3412E947263A3FCD00827DEC /* Doorstep */ = {
			isa = PBXGroup;
			children = (
				3412E948263A3FCD00827DEC /* AppDelegate.swift */,
				3412E94A263A3FCD00827DEC /* SceneDelegate.swift */,
				3412E94C263A3FCD00827DEC /* ViewController.swift */,
				3412E94E263A3FCD00827DEC /* Main.storyboard */,
				3412E951263A3FD700827DEC /* Assets.xcassets */,
				3412E953263A3FD700827DEC /* LaunchScreen.storyboard */,
				3412E956263A3FD700827DEC /* Info.plist */,
			);
			path = Doorstep;
			sourceTree = "<group>";
		};
		3412E95E263A3FD800827DEC /* DoorstepTests */ = {
			isa = PBXGroup;
			children = (
				3412E95F263A3FD800827DEC /* DoorstepTests.swift */,
				3412E961263A3FD800827DEC /* Info.plist */,
			);
			path = DoorstepTests;
			sourceTree = "<group>";
		};
		3412E969263A3FD800827DEC /* DoorstepUITests */ = {
			isa = PBXGroup;
			children = (
				3412E96A263A3FD800827DEC /* DoorstepUITests.swift */,
				3412E96C263A3FD800827DEC /* Info.plist */,
			);
			path = DoorstepUITests;
			sourceTree = "<group>";
		};
/* End PBXGroup section */

/* Begin PBXNativeTarget section */
		3412E944263A3FCD00827DEC /* Doorstep */ = {
			isa = PBXNativeTarget;
			buildConfigurationList = 3412E96F263A3FD800827DEC /* Build configuration list for PBXNativeTarget "Doorstep" */;
			buildPhases = (
				3412E941263A3FCD00827DEC /* Sources */,
				3412E942263A3FCD00827DEC /* Frameworks */,
				3412E943263A3FCD00827DEC /* Resources */,
			);
			buildRules = (
			);
			dependencies = (
			);
			name = Doorstep;
			productName = Doorstep;
			productReference = 3412E945263A3FCD00827DEC /* Doorstep.app */;
			productType = "com.apple.product-type.application";
		};
		3412E95A263A3FD800827DEC /* DoorstepTests */ = {
			isa = PBXNativeTarget;
			buildConfigurationList = 3412E972263A3FD800827DEC /* Build configuration list for PBXNativeTarget "DoorstepTests" */;
			buildPhases = (
				3412E957263A3FD800827DEC /* Sources */,
				3412E958263A3FD800827DEC /* Frameworks */,
				3412E959263A3FD800827DEC /* Resources */,
			);
			buildRules = (
			);
			dependencies = (
				3412E95D263A3FD800827DEC /* PBXTargetDependency */,
			);
			name = DoorstepTests;
			productName = DoorstepTests;
			productReference = 3412E95B263A3FD800827DEC /* DoorstepTests.xctest */;
			productType = "com.apple.product-type.bundle.unit-test";
		};
		3412E965263A3FD800827DEC /* DoorstepUITests */ = {
			isa = PBXNativeTarget;
			buildConfigurationList = 3412E975263A3FD800827DEC /* Build configuration list for PBXNativeTarget "DoorstepUITests" */;
			buildPhases = (
				3412E962263A3FD800827DEC /* Sources */,
				3412E963263A3FD800827DEC /* Frameworks */,
				3412E964263A3FD800827DEC /* Resources */,
			);
			buildRules = (
			);
			dependencies = (
				3412E968263A3FD800827DEC /* PBXTargetDependency */,
			);
			name = DoorstepUITests;
			productName = DoorstepUITests;
			productReference = 3412E966263A3FD800827DEC /* DoorstepUITests.xctest */;
			productType = "com.apple.product-type.bundle.ui-testing";
		};
/* End PBXNativeTarget section */

/* Begin PBXProject section */
		3412E93D263A3FCD00827DEC /* Project object */ = {
			isa = PBXProject;
			attributes = {
				LastSwiftUpdateCheck = 1240;
				LastUpgradeCheck = 1240;
				TargetAttributes = {
					3412E944263A3FCD00827DEC = {
						CreatedOnToolsVersion = 12.4;
					};
					3412E95A263A3FD800827DEC = {
						CreatedOnToolsVersion = 12.4;
						TestTargetID = 3412E944263A3FCD00827DEC;
					};
					3412E965263A3FD800827DEC = {
						CreatedOnToolsVersion = 12.4;
						TestTargetID = 3412E944263A3FCD00827DEC;
					};
				};
			};
			buildConfigurationList = 3412E940263A3FCD00827DEC /* Build configuration list for PBXProject "Doorstep" */;
			compatibilityVersion = "Xcode 9.3";
			developmentRegion = en;
			hasScannedForEncodings = 0;
			knownRegions = (
				en,
				Base,
			);
			mainGroup = 3412E93C263A3FCD00827DEC;
			productRefGroup = 3412E946263A3FCD00827DEC /* Products */;
			projectDirPath = "";
			projectRoot = "";
			targets = (
				3412E944263A3FCD00827DEC /* Doorstep */,
				3412E95A263A3FD800827DEC /* DoorstepTests */,
				3412E965263A3FD800827DEC /* DoorstepUITests */,
			);
		};
/* End PBXProject section */

/* Begin PBXResourcesBuildPhase section */
		3412E943263A3FCD00827DEC /* Resources */ = {
			isa = PBXResourcesBuildPhase;
			buildActionMask = 2147483647;
			files = (
				3412E955263A3FD700827DEC /* LaunchScreen.storyboard in Resources */,
				3412E952263A3FD700827DEC /* Assets.xcassets in Resources */,
				3412E950263A3FCD00827DEC /* Main.storyboard in Resources */,
			);
			runOnlyForDeploymentPostprocessing = 0;
		};
		3412E959263A3FD800827DEC /* Resources */ = {
			isa = PBXResourcesBuildPhase;
			buildActionMask = 2147483647;
			files = (
			);
			runOnlyForDeploymentPostprocessing = 0;
		};
		3412E964263A3FD800827DEC /* Resources */ = {
			isa = PBXResourcesBuildPhase;
			buildActionMask = 2147483647;
			files = (
			);
			runOnlyForDeploymentPostprocessing = 0;
		};
/* End PBXResourcesBuildPhase section */

/* Begin PBXSourcesBuildPhase section */
		3412E941263A3FCD00827DEC /* Sources */ = {
			isa = PBXSourcesBuildPhase;
			buildActionMask = 2147483647;
			files = (
				3412E94D263A3FCD00827DEC /* ViewController.swift in Sources */,
				3412E949263A3FCD00827DEC /* AppDelegate.swift in Sources */,
				3412E94B263A3FCD00827DEC /* SceneDelegate.swift in Sources */,
			);
			runOnlyForDeploymentPostprocessing = 0;
		};
		3412E957263A3FD800827DEC /* Sources */ = {
			isa = PBXSourcesBuildPhase;
			buildActionMask = 2147483647;
			files = (
				3412E960263A3FD800827DEC /* DoorstepTests.swift in Sources */,
			);
			runOnlyForDeploymentPostprocessing = 0;
		};
		3412E962263A3FD800827DEC /* Sources */ = {
			isa = PBXSourcesBuildPhase;
			buildActionMask = 2147483647;
			files = (
				3412E96B263A3FD800827DEC /* DoorstepUITests.swift in Sources */,
			);
			runOnlyForDeploymentPostprocessing = 0;
		};
/* End PBXSourcesBuildPhase section */

/* Begin PBXTargetDependency section */
		3412E95D263A3FD800827DEC /* PBXTargetDependency */ = {
			isa = PBXTargetDependency;
			target = 3412E944263A3FCD00827DEC /* Doorstep */;
			targetProxy = 3412E95C263A3FD800827DEC /* PBXContainerItemProxy */;
		};
		3412E968263A3FD800827DEC /* PBXTargetDependency */ = {
			isa = PBXTargetDependency;
			target = 3412E944263A3FCD00827DEC /* Doorstep */;
			targetProxy = 3412E967263A3FD800827DEC /* PBXContainerItemProxy */;
		};
/* End PBXTargetDependency section */

/* Begin PBXVariantGroup section */
		3412E94E263A3FCD00827DEC /* Main.storyboard */ = {
			isa = PBXVariantGroup;
			children = (
				3412E94F263A3FCD00827DEC /* Base */,
			);
			name = Main.storyboard;
			sourceTree = "<group>";
		};
		3412E953263A3FD700827DEC /* LaunchScreen.storyboard */ = {
			isa = PBXVariantGroup;
			children = (
				3412E954263A3FD700827DEC /* Base */,
			);
			name = LaunchScreen.storyboard;
			sourceTree = "<group>";
		};
/* End PBXVariantGroup section */

/* Begin XCBuildConfiguration section */
		3412E96D263A3FD800827DEC /* Debug */ = {
			isa = XCBuildConfiguration;
			buildSettings = {
				ALWAYS_SEARCH_USER_PATHS = NO;
				CLANG_ANALYZER_NONNULL = YES;
				CLANG_ANALYZER_NUMBER_OBJECT_CONVERSION = YES_AGGRESSIVE;
				CLANG_CXX_LANGUAGE_STANDARD = "gnu++14";
				CLANG_CXX_LIBRARY = "libc++";
				CLANG_ENABLE_MODULES = YES;
				CLANG_ENABLE_OBJC_ARC = YES;
				CLANG_ENABLE_OBJC_WEAK = YES;
				CLANG_WARN_BLOCK_CAPTURE_AUTORELEASING = YES;
				CLANG_WARN_BOOL_CONVERSION = YES;
				CLANG_WARN_COMMA = YES;
				CLANG_WARN_CONSTANT_CONVERSION = YES;
				CLANG_WARN_DEPRECATED_OBJC_IMPLEMENTATIONS = YES;
				CLANG_WARN_DIRECT_OBJC_ISA_USAGE = YES_ERROR;
				CLANG_WARN_DOCUMENTATION_COMMENTS = YES;
				CLANG_WARN_EMPTY_BODY = YES;
				CLANG_WARN_ENUM_CONVERSION = YES;
				CLANG_WARN_INFINITE_RECURSION = YES;
				CLANG_WARN_INT_CONVERSION = YES;
				CLANG_WARN_NON_LITERAL_NULL_CONVERSION = YES;
				CLANG_WARN_OBJC_IMPLICIT_RETAIN_SELF = YES;
				CLANG_WARN_OBJC_LITERAL_CONVERSION = YES;
				CLANG_WARN_OBJC_ROOT_CLASS = YES_ERROR;
				CLANG_WARN_QUOTED_INCLUDE_IN_FRAMEWORK_HEADER = YES;
				CLANG_WARN_RANGE_LOOP_ANALYSIS = YES;
				CLANG_WARN_STRICT_PROTOTYPES = YES;
				CLANG_WARN_SUSPICIOUS_MOVE = YES;
				CLANG_WARN_UNGUARDED_AVAILABILITY = YES_AGGRESSIVE;
				CLANG_WARN_UNREACHABLE_CODE = YES;
				CLANG_WARN__DUPLICATE_METHOD_MATCH = YES;
				COPY_PHASE_STRIP = NO;
				DEBUG_INFORMATION_FORMAT = dwarf;
				ENABLE_STRICT_OBJC_MSGSEND = YES;
				ENABLE_TESTABILITY = YES;
				GCC_C_LANGUAGE_STANDARD = gnu11;
				GCC_DYNAMIC_NO_PIC = NO;
				GCC_NO_COMMON_BLOCKS = YES;
				GCC_OPTIMIZATION_LEVEL = 0;
				GCC_PREPROCESSOR_DEFINITIONS = (
					"DEBUG=1",
					"$(inherited)",
				);
				GCC_WARN_64_TO_32_BIT_CONVERSION = YES;
				GCC_WARN_ABOUT_RETURN_TYPE = YES_ERROR;
				GCC_WARN_UNDECLARED_SELECTOR = YES;
				GCC_WARN_UNINITIALIZED_AUTOS = YES_AGGRESSIVE;
				GCC_WARN_UNUSED_FUNCTION = YES;
				GCC_WARN_UNUSED_VARIABLE = YES;
				IPHONEOS_DEPLOYMENT_TARGET = 14.4;
				MTL_ENABLE_DEBUG_INFO = INCLUDE_SOURCE;
				MTL_FAST_MATH = YES;
				ONLY_ACTIVE_ARCH = YES;
				SDKROOT = iphoneos;
				SWIFT_ACTIVE_COMPILATION_CONDITIONS = DEBUG;
				SWIFT_OPTIMIZATION_LEVEL = "-Onone";
			};
			name = Debug;
		};
		3412E96E263A3FD800827DEC /* Release */ = {
			isa = XCBuildConfiguration;
			buildSettings = {
				ALWAYS_SEARCH_USER_PATHS = NO;
				CLANG_ANALYZER_NONNULL = YES;
				CLANG_ANALYZER_NUMBER_OBJECT_CONVERSION = YES_AGGRESSIVE;
				CLANG_CXX_LANGUAGE_STANDARD = "gnu++14";
				CLANG_CXX_LIBRARY = "libc++";
				CLANG_ENABLE_MODULES = YES;
				CLANG_ENABLE_OBJC_ARC = YES;
				CLANG_ENABLE_OBJC_WEAK = YES;
				CLANG_WARN_BLOCK_CAPTURE_AUTORELEASING = YES;
				CLANG_WARN_BOOL_CONVERSION = YES;
				CLANG_WARN_COMMA = YES;
				CLANG_WARN_CONSTANT_CONVERSION = YES;
				CLANG_WARN_DEPRECATED_OBJC_IMPLEMENTATIONS = YES;
				CLANG_WARN_DIRECT_OBJC_ISA_USAGE = YES_ERROR;
				CLANG_WARN_DOCUMENTATION_COMMENTS = YES;
				CLANG_WARN_EMPTY_BODY = YES;
				CLANG_WARN_ENUM_CONVERSION = YES;
				CLANG_WARN_INFINITE_RECURSION = YES;
				CLANG_WARN_INT_CONVERSION = YES;
				CLANG_WARN_NON_LITERAL_NULL_CONVERSION = YES;
				CLANG_WARN_OBJC_IMPLICIT_RETAIN_SELF = YES;
				CLANG_WARN_OBJC_LITERAL_CONVERSION = YES;
				CLANG_WARN_OBJC_ROOT_CLASS = YES_ERROR;
				CLANG_WARN_QUOTED_INCLUDE_IN_FRAMEWORK_HEADER = YES;
				CLANG_WARN_RANGE_LOOP_ANALYSIS = YES;
				CLANG_WARN_STRICT_PROTOTYPES = YES;
				CLANG_WARN_SUSPICIOUS_MOVE = YES;
				CLANG_WARN_UNGUARDED_AVAILABILITY = YES_AGGRESSIVE;
				CLANG_WARN_UNREACHABLE_CODE = YES;
				CLANG_WARN__DUPLICATE_METHOD_MATCH = YES;
				COPY_PHASE_STRIP = NO;
				DEBUG_INFORMATION_FORMAT = "dwarf-with-dsym";
				ENABLE_NS_ASSERTIONS = NO;
				ENABLE_STRICT_OBJC_MSGSEND = YES;
				GCC_C_LANGUAGE_STANDARD = gnu11;
				GCC_NO_COMMON_BLOCKS = YES;
				GCC_WARN_64_TO_32_BIT_CONVERSION = YES;
				GCC_WARN_ABOUT_RETURN_TYPE = YES_ERROR;
				GCC_WARN_UNDECLARED_SELECTOR = YES;
				GCC_WARN_UNINITIALIZED_AUTOS = YES_AGGRESSIVE;
				GCC_WARN_UNUSED_FUNCTION = YES;
				GCC_WARN_UNUSED_VARIABLE = YES;
				IPHONEOS_DEPLOYMENT_TARGET = 14.4;
				MTL_ENABLE_DEBUG_INFO = NO;
				MTL_FAST_MATH = YES;
				SDKROOT = iphoneos;
				SWIFT_COMPILATION_MODE = wholemodule;
				SWIFT_OPTIMIZATION_LEVEL = "-O";
				VALIDATE_PRODUCT = YES;
			};
			name = Release;
		};
		3412E970263A3FD800827DEC /* Debug */ = {
			isa = XCBuildConfiguration;
			buildSettings = {
				ASSETCATALOG_COMPILER_APPICON_NAME = AppIcon;
				ASSETCATALOG_COMPILER_GLOBAL_ACCENT_COLOR_NAME = AccentColor;
				CODE_SIGN_STYLE = Automatic;
				DEVELOPMENT_TEAM = W6VRWXGQ5J;
				INFOPLIST_FILE = Doorstep/Info.plist;
				LD_RUNPATH_SEARCH_PATHS = (
					"$(inherited)",
					"@executable_path/Frameworks",
				);
				PRODUCT_BUNDLE_IDENTIFIER = com.kanulp.Doorstep;
				PRODUCT_NAME = "$(TARGET_NAME)";
				SWIFT_VERSION = 5.0;
				TARGETED_DEVICE_FAMILY = "1,2";
			};
			name = Debug;
		};
		3412E971263A3FD800827DEC /* Release */ = {
			isa = XCBuildConfiguration;
			buildSettings = {
				ASSETCATALOG_COMPILER_APPICON_NAME = AppIcon;
				ASSETCATALOG_COMPILER_GLOBAL_ACCENT_COLOR_NAME = AccentColor;
				CODE_SIGN_STYLE = Automatic;
				DEVELOPMENT_TEAM = W6VRWXGQ5J;
				INFOPLIST_FILE = Doorstep/Info.plist;
				LD_RUNPATH_SEARCH_PATHS = (
					"$(inherited)",
					"@executable_path/Frameworks",
				);
				PRODUCT_BUNDLE_IDENTIFIER = com.kanulp.Doorstep;
				PRODUCT_NAME = "$(TARGET_NAME)";
				SWIFT_VERSION = 5.0;
				TARGETED_DEVICE_FAMILY = "1,2";
			};
			name = Release;
		};
		3412E973263A3FD800827DEC /* Debug */ = {
			isa = XCBuildConfiguration;
			buildSettings = {
				ALWAYS_EMBED_SWIFT_STANDARD_LIBRARIES = YES;
				BUNDLE_LOADER = "$(TEST_HOST)";
				CODE_SIGN_STYLE = Automatic;
				DEVELOPMENT_TEAM = W6VRWXGQ5J;
				INFOPLIST_FILE = DoorstepTests/Info.plist;
				IPHONEOS_DEPLOYMENT_TARGET = 14.4;
				LD_RUNPATH_SEARCH_PATHS = (
					"$(inherited)",
					"@executable_path/Frameworks",
					"@loader_path/Frameworks",
				);
				PRODUCT_BUNDLE_IDENTIFIER = com.kanulp.DoorstepTests;
				PRODUCT_NAME = "$(TARGET_NAME)";
				SWIFT_VERSION = 5.0;
				TARGETED_DEVICE_FAMILY = "1,2";
				TEST_HOST = "$(BUILT_PRODUCTS_DIR)/Doorstep.app/Doorstep";
			};
			name = Debug;
		};
		3412E974263A3FD800827DEC /* Release */ = {
			isa = XCBuildConfiguration;
			buildSettings = {
				ALWAYS_EMBED_SWIFT_STANDARD_LIBRARIES = YES;
				BUNDLE_LOADER = "$(TEST_HOST)";
				CODE_SIGN_STYLE = Automatic;
				DEVELOPMENT_TEAM = W6VRWXGQ5J;
				INFOPLIST_FILE = DoorstepTests/Info.plist;
				IPHONEOS_DEPLOYMENT_TARGET = 14.4;
				LD_RUNPATH_SEARCH_PATHS = (
					"$(inherited)",
					"@executable_path/Frameworks",
					"@loader_path/Frameworks",
				);
				PRODUCT_BUNDLE_IDENTIFIER = com.kanulp.DoorstepTests;
				PRODUCT_NAME = "$(TARGET_NAME)";
				SWIFT_VERSION = 5.0;
				TARGETED_DEVICE_FAMILY = "1,2";
				TEST_HOST = "$(BUILT_PRODUCTS_DIR)/Doorstep.app/Doorstep";
			};
			name = Release;
		};
		3412E976263A3FD800827DEC /* Debug */ = {
			isa = XCBuildConfiguration;
			buildSettings = {
				ALWAYS_EMBED_SWIFT_STANDARD_LIBRARIES = YES;
				CODE_SIGN_STYLE = Automatic;
				DEVELOPMENT_TEAM = W6VRWXGQ5J;
				INFOPLIST_FILE = DoorstepUITests/Info.plist;
				LD_RUNPATH_SEARCH_PATHS = (
					"$(inherited)",
					"@executable_path/Frameworks",
					"@loader_path/Frameworks",
				);
				PRODUCT_BUNDLE_IDENTIFIER = com.kanulp.DoorstepUITests;
				PRODUCT_NAME = "$(TARGET_NAME)";
				SWIFT_VERSION = 5.0;
				TARGETED_DEVICE_FAMILY = "1,2";
				TEST_TARGET_NAME = Doorstep;
			};
			name = Debug;
		};
		3412E977263A3FD800827DEC /* Release */ = {
			isa = XCBuildConfiguration;
			buildSettings = {
				ALWAYS_EMBED_SWIFT_STANDARD_LIBRARIES = YES;
				CODE_SIGN_STYLE = Automatic;
				DEVELOPMENT_TEAM = W6VRWXGQ5J;
				INFOPLIST_FILE = DoorstepUITests/Info.plist;
				LD_RUNPATH_SEARCH_PATHS = (
					"$(inherited)",
					"@executable_path/Frameworks",
					"@loader_path/Frameworks",
				);
				PRODUCT_BUNDLE_IDENTIFIER = com.kanulp.DoorstepUITests;
				PRODUCT_NAME = "$(TARGET_NAME)";
				SWIFT_VERSION = 5.0;
				TARGETED_DEVICE_FAMILY = "1,2";
				TEST_TARGET_NAME = Doorstep;
			};
			name = Release;
		};
/* End XCBuildConfiguration section */

/* Begin XCConfigurationList section */
		3412E940263A3FCD00827DEC /* Build configuration list for PBXProject "Doorstep" */ = {
			isa = XCConfigurationList;
			buildConfigurations = (
				3412E96D263A3FD800827DEC /* Debug */,
				3412E96E263A3FD800827DEC /* Release */,
			);
			defaultConfigurationIsVisible = 0;
			defaultConfigurationName = Release;
		};
		3412E96F263A3FD800827DEC /* Build configuration list for PBXNativeTarget "Doorstep" */ = {
			isa = XCConfigurationList;
			buildConfigurations = (
				3412E970263A3FD800827DEC /* Debug */,
				3412E971263A3FD800827DEC /* Release */,
			);
			defaultConfigurationIsVisible = 0;
			defaultConfigurationName = Release;
		};
		3412E972263A3FD800827DEC /* Build configuration list for PBXNativeTarget "DoorstepTests" */ = {
			isa = XCConfigurationList;
			buildConfigurations = (
				3412E973263A3FD800827DEC /* Debug */,
				3412E974263A3FD800827DEC /* Release */,
			);
			defaultConfigurationIsVisible = 0;
			defaultConfigurationName = Release;
		};
		3412E975263A3FD800827DEC /* Build configuration list for PBXNativeTarget "DoorstepUITests" */ = {
			isa = XCConfigurationList;
			buildConfigurations = (
				3412E976263A3FD800827DEC /* Debug */,
				3412E977263A3FD800827DEC /* Release */,
			);
			defaultConfigurationIsVisible = 0;
			defaultConfigurationName = Release;
		};
/* End XCConfigurationList section */
	};
	rootObject = 3412E93D263A3FCD00827DEC /* Project object */;
}
